{
  "nodes": {
    "nixpkgs": {
      "locked": {
        "lastModified": 1785318670,
        "narHash": "sha256-dN6Ou5x/+23FZLEpYP3IffO+NyJFzUlGumt1uu3MMaY=",
        "owner": "nixos",
        "repo": "nixpkgs",
        "rev": "0954f7ee2f6bb3dc7d4e3d0d8bcb8fd4bde4cfc5",
        "type": "github"
      },
      "original": {
        "owner": "nixos",
        "ref": "nixos-unstable",
        "repo": "nixpkgs",
        "type": "github"
      }
    },
    "root": {
      "inputs": {
        "nixpkgs": "nixpkgs",
        "zscroll-src": "zscroll-src"
      }
    },
    "zscroll-src": {
      "flake": false,
      "locked": {
        "lastModified": 1715432272,
        "narHash": "sha256-j9drC3BtQUSHlQf7FWIXBy2PUlPOwBu1sL3JR0nmHzM=",
        "owner": "noctuid",
        "repo": "zscroll",
        "rev": "35c50faae2787e13649146bad216e1f6444f13b8",
        "type": "github"
      },
      "original": {
        "owner": "noctuid",
        "repo": "zscroll",
        "type": "github"
      }
    }
  },
  "root": "root",
  "version": 7
}
